
Microsoft Visual Studio Solution File, Format Version 12.00
# Visual Studio 2013
VisualStudioVersion = 12.0.21005.1
MinimumVisualStudioVersion = 10.0.40219.1
Project("{FAE04EC0-301F-11D3-BF4B-00C04F79EFBC}") = "gokiTagDB", "gokiTagDB\gokiTagDB.csproj", "{9395B2E3-465E-4EDB-96B8-7CBC7AD6B383}"
EndProject
Project("{2150E333-8FDC-42A3-9474-1A3956D46DE8}") = "Solution Items", "Solution Items", "{FB872CE3-F986-4CAC-ADEB-8F7792D2B7A1}"
	ProjectSection(SolutionItems) = preProject
		Performance1.psess = Performance1.psess
	EndProjectSection
EndProject
Project("{FAE04EC0-301F-11D3-BF4B-00C04F79EFBC}") = "GokiLibrary", "..\GokiLibrary\GokiLibrary.csproj", "{80D2054F-A3A0-478D-9160-88B3BE120160}"
EndProject
Global
	GlobalSection(SolutionConfigurationPlatforms) = preSolution
		Debug|Any CPU = Debug|Any CPU
		Release|Any CPU = Release|Any CPU
	EndGlobalSection
	GlobalSection(ProjectConfigurationPlatforms) = postSolution
		{9395B2E3-465E-4EDB-96B8-7CBC7AD6B383}.Debug|Any CPU.ActiveCfg = Debug|Any CPU
		{9395B2E3-465E-4EDB-96B8-7CBC7AD6B383}.Debug|Any CPU.Build.0 = Debug|Any CPU
		{9395B2E3-465E-4EDB-96B8-7CBC7AD6B383}.Release|Any CPU.ActiveCfg = Release|Any CPU
		{9395B2E3-465E-4EDB-96B8-7CBC7AD6B383}.Release|Any CPU.Build.0 = Release|Any CPU
		{80D2054F-A3A0-478D-9160-88B3BE120160}.Debug|Any CPU.ActiveCfg = Debug|Any CPU
		{80D2054F-A3A0-478D-9160-88B3BE120160}.Debug|Any CPU.Build.0 = Debug|Any CPU
		{80D2054F-A3A0-478D-9160-88B3BE120160}.Release|Any CPU.ActiveCfg = Release|Any CPU
		{80D2054F-A3A0-478D-9160-88B3BE120160}.Release|Any CPU.Build.0 = Release|Any CPU
	EndGlobalSection
	GlobalSection(SolutionProperties) = preSolution
		HideSolutionNode = FALSE
	EndGlobalSection
	GlobalSection(Performance) = preSolution
		HasPerformanceSessions = true
	EndGlobalSection
EndGlobal
